
Microsoft Visual Studio Solution File, Format Version 12.00
# Visual Studio 15
VisualStudioVersion = 15.0.27130.2036
MinimumVisualStudioVersion = 10.0.40219.1
Project("{9A19103F-16F7-4668-BE54-9A1E7A4F7556}") = "ISAAR.MSolve.Solvers", "src\ISAAR.MSolve.Solvers\ISAAR.MSolve.Solvers.csproj", "{7604A6C4-F5CC-495B-855B-059BD0A26A5F}"
EndProject
Project("{9A19103F-16F7-4668-BE54-9A1E7A4F7556}") = "ISAAR.MSolve.Analyzers", "src\ISAAR.MSolve.Analyzers\ISAAR.MSolve.Analyzers.csproj", "{D3ADD644-33FD-48AC-8621-F7D50396B7CA}"
EndProject
Project("{9A19103F-16F7-4668-BE54-9A1E7A4F7556}") = "ISAAR.MSolve.Logging", "src\ISAAR.MSolve.Logging\ISAAR.MSolve.Logging.csproj", "{DE2E0D17-384E-4075-8DB8-1DA99627E5B8}"
EndProject
Project("{9A19103F-16F7-4668-BE54-9A1E7A4F7556}") = "ISAAR.MSolve.Problems", "src\ISAAR.MSolve.Problems\ISAAR.MSolve.Problems.csproj", "{6C692748-A517-4F16-B866-63B05660804A}"
EndProject
Project("{9A19103F-16F7-4668-BE54-9A1E7A4F7556}") = "ISAAR.MSolve.SamplesConsole", "src\ISAAR.MSolve.SamplesConsole\ISAAR.MSolve.SamplesConsole.csproj", "{D9DD38A2-0CB4-43D7-8754-06251DD37D63}"
EndProject
Project("{9A19103F-16F7-4668-BE54-9A1E7A4F7556}") = "ISAAR.MSolve.Numerical", "src\ISAAR.MSolve.Numerical\ISAAR.MSolve.Numerical.csproj", "{7DE9EC8E-C699-4B46-999F-0D9CCEB2C9F8}"
EndProject
Project("{9A19103F-16F7-4668-BE54-9A1E7A4F7556}") = "ISAAR.MSolve.FEM", "src\ISAAR.MSolve.FEM\ISAAR.MSolve.FEM.csproj", "{32EC48CE-CC94-40F8-A401-E927397CE2AC}"
EndProject
Project("{9A19103F-16F7-4668-BE54-9A1E7A4F7556}") = "ISAAR.MSolve.Tests", "tests\ISAAR.MSolve.Tests\ISAAR.MSolve.Tests.csproj", "{A7723B13-7513-42AD-9C25-21CE27FF2582}"
EndProject
Project("{9A19103F-16F7-4668-BE54-9A1E7A4F7556}") = "ISAAR.MSolve.Optimization", "src\ISAAR.MSolve.Optimization\ISAAR.MSolve.Optimization.csproj", "{FAB133D0-C1BB-49CC-8576-8DF48DFAC084}"
EndProject
Project("{9A19103F-16F7-4668-BE54-9A1E7A4F7556}") = "ISAAR.MSolve.OptimizationTests", "src\ISAAR.MSolve.OptimizationTests\ISAAR.MSolve.OptimizationTests.csproj", "{1542AAEC-9D06-4599-9803-55BD63244540}"
EndProject
Project("{9A19103F-16F7-4668-BE54-9A1E7A4F7556}") = "ISAAR.MSolve.Materials", "src\ISAAR.MSolve.Materials\ISAAR.MSolve.Materials.csproj", "{B3E0E939-81BF-40CD-ADFA-3750AC82F648}"
EndProject
Project("{9A19103F-16F7-4668-BE54-9A1E7A4F7556}") = "ISAAR.MSolve.Geometry", "src\ISAAR.MSolve.Geometry\ISAAR.MSolve.Geometry.csproj", "{42C1E5C1-FCB0-447B-8B0E-23175DC0ABE8}"
EndProject
Project("{9A19103F-16F7-4668-BE54-9A1E7A4F7556}") = "ISAAR.MSolve.Discretization", "src\ISAAR.MSolve.Discretization\ISAAR.MSolve.Discretization.csproj", "{6C58A48A-30BD-44C2-A22D-4BCFD4A3E703}"
EndProject
Project("{9A19103F-16F7-4668-BE54-9A1E7A4F7556}") = "ISAAR.MSolve.FEM.Tests", "tests\ISAAR.MSolve.FEM.Tests\ISAAR.MSolve.FEM.Tests.csproj", "{333B8164-88B7-409D-9A1E-1B8B11E3425D}"
EndProject
Project("{9A19103F-16F7-4668-BE54-9A1E7A4F7556}") = "ISAAR.MSolve.Preprocessor", "src\ISAAR.MSolve.Preprocessor\ISAAR.MSolve.Preprocessor.csproj", "{EFFD8A96-E04B-44E2-92B4-F5134C8F8667}"
EndProject
Project("{9A19103F-16F7-4668-BE54-9A1E7A4F7556}") = "ISAAR.MSolve.IGA.Tests", "tests\ISAAR.MSolve.IGA.Tests\ISAAR.MSolve.IGA.Tests.csproj", "{032AA35D-B78C-496F-95CF-1A068CB148AA}"
EndProject
Project("{2150E333-8FDC-42A3-9474-1A3956D46DE8}") = "tests", "tests", "{4083D71C-1496-4066-9228-B42E8B96BE0B}"
EndProject
Project("{2150E333-8FDC-42A3-9474-1A3956D46DE8}") = "src", "src", "{109295C7-8994-4A81-92B8-81E8F9402122}"
EndProject
Project("{9A19103F-16F7-4668-BE54-9A1E7A4F7556}") = "ISAAR.MSolve.IGA", "src\ISAAR.MSolve.IGA\ISAAR.MSolve.IGA.csproj", "{3363184F-1D81-4B57-98AF-45E1BFC459F3}"
EndProject
Global
	GlobalSection(SolutionConfigurationPlatforms) = preSolution
		Debug|Any CPU = Debug|Any CPU
		Debug|x64 = Debug|x64
		Debug|x86 = Debug|x86
		Release|Any CPU = Release|Any CPU
		Release|x64 = Release|x64
		Release|x86 = Release|x86
	EndGlobalSection
	GlobalSection(ProjectConfigurationPlatforms) = postSolution
		{7604A6C4-F5CC-495B-855B-059BD0A26A5F}.Debug|Any CPU.ActiveCfg = Debug|Any CPU
		{7604A6C4-F5CC-495B-855B-059BD0A26A5F}.Debug|Any CPU.Build.0 = Debug|Any CPU
		{7604A6C4-F5CC-495B-855B-059BD0A26A5F}.Debug|x64.ActiveCfg = Debug|Any CPU
		{7604A6C4-F5CC-495B-855B-059BD0A26A5F}.Debug|x64.Build.0 = Debug|Any CPU
		{7604A6C4-F5CC-495B-855B-059BD0A26A5F}.Debug|x86.ActiveCfg = Debug|Any CPU
		{7604A6C4-F5CC-495B-855B-059BD0A26A5F}.Debug|x86.Build.0 = Debug|Any CPU
		{7604A6C4-F5CC-495B-855B-059BD0A26A5F}.Release|Any CPU.ActiveCfg = Release|Any CPU
		{7604A6C4-F5CC-495B-855B-059BD0A26A5F}.Release|Any CPU.Build.0 = Release|Any CPU
		{7604A6C4-F5CC-495B-855B-059BD0A26A5F}.Release|x64.ActiveCfg = Release|Any CPU
		{7604A6C4-F5CC-495B-855B-059BD0A26A5F}.Release|x64.Build.0 = Release|Any CPU
		{7604A6C4-F5CC-495B-855B-059BD0A26A5F}.Release|x86.ActiveCfg = Release|Any CPU
		{7604A6C4-F5CC-495B-855B-059BD0A26A5F}.Release|x86.Build.0 = Release|Any CPU
		{D3ADD644-33FD-48AC-8621-F7D50396B7CA}.Debug|Any CPU.ActiveCfg = Debug|Any CPU
		{D3ADD644-33FD-48AC-8621-F7D50396B7CA}.Debug|Any CPU.Build.0 = Debug|Any CPU
		{D3ADD644-33FD-48AC-8621-F7D50396B7CA}.Debug|x64.ActiveCfg = Debug|Any CPU
		{D3ADD644-33FD-48AC-8621-F7D50396B7CA}.Debug|x64.Build.0 = Debug|Any CPU
		{D3ADD644-33FD-48AC-8621-F7D50396B7CA}.Debug|x86.ActiveCfg = Debug|Any CPU
		{D3ADD644-33FD-48AC-8621-F7D50396B7CA}.Debug|x86.Build.0 = Debug|Any CPU
		{D3ADD644-33FD-48AC-8621-F7D50396B7CA}.Release|Any CPU.ActiveCfg = Release|Any CPU
		{D3ADD644-33FD-48AC-8621-F7D50396B7CA}.Release|Any CPU.Build.0 = Release|Any CPU
		{D3ADD644-33FD-48AC-8621-F7D50396B7CA}.Release|x64.ActiveCfg = Release|Any CPU
		{D3ADD644-33FD-48AC-8621-F7D50396B7CA}.Release|x64.Build.0 = Release|Any CPU
		{D3ADD644-33FD-48AC-8621-F7D50396B7CA}.Release|x86.ActiveCfg = Release|Any CPU
		{D3ADD644-33FD-48AC-8621-F7D50396B7CA}.Release|x86.Build.0 = Release|Any CPU
		{DE2E0D17-384E-4075-8DB8-1DA99627E5B8}.Debug|Any CPU.ActiveCfg = Debug|Any CPU
		{DE2E0D17-384E-4075-8DB8-1DA99627E5B8}.Debug|Any CPU.Build.0 = Debug|Any CPU
		{DE2E0D17-384E-4075-8DB8-1DA99627E5B8}.Debug|x64.ActiveCfg = Debug|Any CPU
		{DE2E0D17-384E-4075-8DB8-1DA99627E5B8}.Debug|x64.Build.0 = Debug|Any CPU
		{DE2E0D17-384E-4075-8DB8-1DA99627E5B8}.Debug|x86.ActiveCfg = Debug|Any CPU
		{DE2E0D17-384E-4075-8DB8-1DA99627E5B8}.Debug|x86.Build.0 = Debug|Any CPU
		{DE2E0D17-384E-4075-8DB8-1DA99627E5B8}.Release|Any CPU.ActiveCfg = Release|Any CPU
		{DE2E0D17-384E-4075-8DB8-1DA99627E5B8}.Release|Any CPU.Build.0 = Release|Any CPU
		{DE2E0D17-384E-4075-8DB8-1DA99627E5B8}.Release|x64.ActiveCfg = Release|Any CPU
		{DE2E0D17-384E-4075-8DB8-1DA99627E5B8}.Release|x64.Build.0 = Release|Any CPU
		{DE2E0D17-384E-4075-8DB8-1DA99627E5B8}.Release|x86.ActiveCfg = Release|Any CPU
		{DE2E0D17-384E-4075-8DB8-1DA99627E5B8}.Release|x86.Build.0 = Release|Any CPU
		{6C692748-A517-4F16-B866-63B05660804A}.Debug|Any CPU.ActiveCfg = Debug|Any CPU
		{6C692748-A517-4F16-B866-63B05660804A}.Debug|Any CPU.Build.0 = Debug|Any CPU
		{6C692748-A517-4F16-B866-63B05660804A}.Debug|x64.ActiveCfg = Debug|Any CPU
		{6C692748-A517-4F16-B866-63B05660804A}.Debug|x64.Build.0 = Debug|Any CPU
		{6C692748-A517-4F16-B866-63B05660804A}.Debug|x86.ActiveCfg = Debug|Any CPU
		{6C692748-A517-4F16-B866-63B05660804A}.Debug|x86.Build.0 = Debug|Any CPU
		{6C692748-A517-4F16-B866-63B05660804A}.Release|Any CPU.ActiveCfg = Release|Any CPU
		{6C692748-A517-4F16-B866-63B05660804A}.Release|Any CPU.Build.0 = Release|Any CPU
		{6C692748-A517-4F16-B866-63B05660804A}.Release|x64.ActiveCfg = Release|Any CPU
		{6C692748-A517-4F16-B866-63B05660804A}.Release|x64.Build.0 = Release|Any CPU
		{6C692748-A517-4F16-B866-63B05660804A}.Release|x86.ActiveCfg = Release|Any CPU
		{6C692748-A517-4F16-B866-63B05660804A}.Release|x86.Build.0 = Release|Any CPU
		{D9DD38A2-0CB4-43D7-8754-06251DD37D63}.Debug|Any CPU.ActiveCfg = Debug|Any CPU
		{D9DD38A2-0CB4-43D7-8754-06251DD37D63}.Debug|Any CPU.Build.0 = Debug|Any CPU
		{D9DD38A2-0CB4-43D7-8754-06251DD37D63}.Debug|x64.ActiveCfg = Debug|Any CPU
		{D9DD38A2-0CB4-43D7-8754-06251DD37D63}.Debug|x64.Build.0 = Debug|Any CPU
		{D9DD38A2-0CB4-43D7-8754-06251DD37D63}.Debug|x86.ActiveCfg = Debug|Any CPU
		{D9DD38A2-0CB4-43D7-8754-06251DD37D63}.Debug|x86.Build.0 = Debug|Any CPU
		{D9DD38A2-0CB4-43D7-8754-06251DD37D63}.Release|Any CPU.ActiveCfg = Release|Any CPU
		{D9DD38A2-0CB4-43D7-8754-06251DD37D63}.Release|Any CPU.Build.0 = Release|Any CPU
		{D9DD38A2-0CB4-43D7-8754-06251DD37D63}.Release|x64.ActiveCfg = Release|Any CPU
		{D9DD38A2-0CB4-43D7-8754-06251DD37D63}.Release|x64.Build.0 = Release|Any CPU
		{D9DD38A2-0CB4-43D7-8754-06251DD37D63}.Release|x86.ActiveCfg = Release|Any CPU
		{D9DD38A2-0CB4-43D7-8754-06251DD37D63}.Release|x86.Build.0 = Release|Any CPU
		{7DE9EC8E-C699-4B46-999F-0D9CCEB2C9F8}.Debug|Any CPU.ActiveCfg = Debug|Any CPU
		{7DE9EC8E-C699-4B46-999F-0D9CCEB2C9F8}.Debug|Any CPU.Build.0 = Debug|Any CPU
		{7DE9EC8E-C699-4B46-999F-0D9CCEB2C9F8}.Debug|x64.ActiveCfg = Debug|Any CPU
		{7DE9EC8E-C699-4B46-999F-0D9CCEB2C9F8}.Debug|x64.Build.0 = Debug|Any CPU
		{7DE9EC8E-C699-4B46-999F-0D9CCEB2C9F8}.Debug|x86.ActiveCfg = Debug|Any CPU
		{7DE9EC8E-C699-4B46-999F-0D9CCEB2C9F8}.Debug|x86.Build.0 = Debug|Any CPU
		{7DE9EC8E-C699-4B46-999F-0D9CCEB2C9F8}.Release|Any CPU.ActiveCfg = Release|Any CPU
		{7DE9EC8E-C699-4B46-999F-0D9CCEB2C9F8}.Release|Any CPU.Build.0 = Release|Any CPU
		{7DE9EC8E-C699-4B46-999F-0D9CCEB2C9F8}.Release|x64.ActiveCfg = Release|Any CPU
		{7DE9EC8E-C699-4B46-999F-0D9CCEB2C9F8}.Release|x64.Build.0 = Release|Any CPU
		{7DE9EC8E-C699-4B46-999F-0D9CCEB2C9F8}.Release|x86.ActiveCfg = Release|Any CPU
		{7DE9EC8E-C699-4B46-999F-0D9CCEB2C9F8}.Release|x86.Build.0 = Release|Any CPU
		{32EC48CE-CC94-40F8-A401-E927397CE2AC}.Debug|Any CPU.ActiveCfg = Debug|Any CPU
		{32EC48CE-CC94-40F8-A401-E927397CE2AC}.Debug|Any CPU.Build.0 = Debug|Any CPU
		{32EC48CE-CC94-40F8-A401-E927397CE2AC}.Debug|x64.ActiveCfg = Debug|Any CPU
		{32EC48CE-CC94-40F8-A401-E927397CE2AC}.Debug|x64.Build.0 = Debug|Any CPU
		{32EC48CE-CC94-40F8-A401-E927397CE2AC}.Debug|x86.ActiveCfg = Debug|Any CPU
		{32EC48CE-CC94-40F8-A401-E927397CE2AC}.Debug|x86.Build.0 = Debug|Any CPU
		{32EC48CE-CC94-40F8-A401-E927397CE2AC}.Release|Any CPU.ActiveCfg = Release|Any CPU
		{32EC48CE-CC94-40F8-A401-E927397CE2AC}.Release|Any CPU.Build.0 = Release|Any CPU
		{32EC48CE-CC94-40F8-A401-E927397CE2AC}.Release|x64.ActiveCfg = Release|Any CPU
		{32EC48CE-CC94-40F8-A401-E927397CE2AC}.Release|x64.Build.0 = Release|Any CPU
		{32EC48CE-CC94-40F8-A401-E927397CE2AC}.Release|x86.ActiveCfg = Release|Any CPU
		{32EC48CE-CC94-40F8-A401-E927397CE2AC}.Release|x86.Build.0 = Release|Any CPU
		{A7723B13-7513-42AD-9C25-21CE27FF2582}.Debug|Any CPU.ActiveCfg = Debug|Any CPU
		{A7723B13-7513-42AD-9C25-21CE27FF2582}.Debug|Any CPU.Build.0 = Debug|Any CPU
		{A7723B13-7513-42AD-9C25-21CE27FF2582}.Debug|x64.ActiveCfg = Debug|Any CPU
		{A7723B13-7513-42AD-9C25-21CE27FF2582}.Debug|x64.Build.0 = Debug|Any CPU
		{A7723B13-7513-42AD-9C25-21CE27FF2582}.Debug|x86.ActiveCfg = Debug|Any CPU
		{A7723B13-7513-42AD-9C25-21CE27FF2582}.Debug|x86.Build.0 = Debug|Any CPU
		{A7723B13-7513-42AD-9C25-21CE27FF2582}.Release|Any CPU.ActiveCfg = Release|Any CPU
		{A7723B13-7513-42AD-9C25-21CE27FF2582}.Release|Any CPU.Build.0 = Release|Any CPU
		{A7723B13-7513-42AD-9C25-21CE27FF2582}.Release|x64.ActiveCfg = Release|Any CPU
		{A7723B13-7513-42AD-9C25-21CE27FF2582}.Release|x64.Build.0 = Release|Any CPU
		{A7723B13-7513-42AD-9C25-21CE27FF2582}.Release|x86.ActiveCfg = Release|Any CPU
		{A7723B13-7513-42AD-9C25-21CE27FF2582}.Release|x86.Build.0 = Release|Any CPU
		{FAB133D0-C1BB-49CC-8576-8DF48DFAC084}.Debug|Any CPU.ActiveCfg = Debug|Any CPU
		{FAB133D0-C1BB-49CC-8576-8DF48DFAC084}.Debug|Any CPU.Build.0 = Debug|Any CPU
		{FAB133D0-C1BB-49CC-8576-8DF48DFAC084}.Debug|x64.ActiveCfg = Debug|Any CPU
		{FAB133D0-C1BB-49CC-8576-8DF48DFAC084}.Debug|x64.Build.0 = Debug|Any CPU
		{FAB133D0-C1BB-49CC-8576-8DF48DFAC084}.Debug|x86.ActiveCfg = Debug|Any CPU
		{FAB133D0-C1BB-49CC-8576-8DF48DFAC084}.Debug|x86.Build.0 = Debug|Any CPU
		{FAB133D0-C1BB-49CC-8576-8DF48DFAC084}.Release|Any CPU.ActiveCfg = Release|Any CPU
		{FAB133D0-C1BB-49CC-8576-8DF48DFAC084}.Release|Any CPU.Build.0 = Release|Any CPU
		{FAB133D0-C1BB-49CC-8576-8DF48DFAC084}.Release|x64.ActiveCfg = Release|Any CPU
		{FAB133D0-C1BB-49CC-8576-8DF48DFAC084}.Release|x64.Build.0 = Release|Any CPU
		{FAB133D0-C1BB-49CC-8576-8DF48DFAC084}.Release|x86.ActiveCfg = Release|Any CPU
		{FAB133D0-C1BB-49CC-8576-8DF48DFAC084}.Release|x86.Build.0 = Release|Any CPU
		{1542AAEC-9D06-4599-9803-55BD63244540}.Debug|Any CPU.ActiveCfg = Debug|Any CPU
		{1542AAEC-9D06-4599-9803-55BD63244540}.Debug|Any CPU.Build.0 = Debug|Any CPU
		{1542AAEC-9D06-4599-9803-55BD63244540}.Debug|x64.ActiveCfg = Debug|Any CPU
		{1542AAEC-9D06-4599-9803-55BD63244540}.Debug|x64.Build.0 = Debug|Any CPU
		{1542AAEC-9D06-4599-9803-55BD63244540}.Debug|x86.ActiveCfg = Debug|Any CPU
		{1542AAEC-9D06-4599-9803-55BD63244540}.Debug|x86.Build.0 = Debug|Any CPU
		{1542AAEC-9D06-4599-9803-55BD63244540}.Release|Any CPU.ActiveCfg = Release|Any CPU
		{1542AAEC-9D06-4599-9803-55BD63244540}.Release|Any CPU.Build.0 = Release|Any CPU
		{1542AAEC-9D06-4599-9803-55BD63244540}.Release|x64.ActiveCfg = Release|Any CPU
		{1542AAEC-9D06-4599-9803-55BD63244540}.Release|x64.Build.0 = Release|Any CPU
		{1542AAEC-9D06-4599-9803-55BD63244540}.Release|x86.ActiveCfg = Release|Any CPU
		{1542AAEC-9D06-4599-9803-55BD63244540}.Release|x86.Build.0 = Release|Any CPU
		{B3E0E939-81BF-40CD-ADFA-3750AC82F648}.Debug|Any CPU.ActiveCfg = Debug|Any CPU
		{B3E0E939-81BF-40CD-ADFA-3750AC82F648}.Debug|Any CPU.Build.0 = Debug|Any CPU
		{B3E0E939-81BF-40CD-ADFA-3750AC82F648}.Debug|x64.ActiveCfg = Debug|Any CPU
		{B3E0E939-81BF-40CD-ADFA-3750AC82F648}.Debug|x64.Build.0 = Debug|Any CPU
		{B3E0E939-81BF-40CD-ADFA-3750AC82F648}.Debug|x86.ActiveCfg = Debug|Any CPU
		{B3E0E939-81BF-40CD-ADFA-3750AC82F648}.Debug|x86.Build.0 = Debug|Any CPU
		{B3E0E939-81BF-40CD-ADFA-3750AC82F648}.Release|Any CPU.ActiveCfg = Release|Any CPU
		{B3E0E939-81BF-40CD-ADFA-3750AC82F648}.Release|Any CPU.Build.0 = Release|Any CPU
		{B3E0E939-81BF-40CD-ADFA-3750AC82F648}.Release|x64.ActiveCfg = Release|Any CPU
		{B3E0E939-81BF-40CD-ADFA-3750AC82F648}.Release|x64.Build.0 = Release|Any CPU
		{B3E0E939-81BF-40CD-ADFA-3750AC82F648}.Release|x86.ActiveCfg = Release|Any CPU
		{B3E0E939-81BF-40CD-ADFA-3750AC82F648}.Release|x86.Build.0 = Release|Any CPU
		{42C1E5C1-FCB0-447B-8B0E-23175DC0ABE8}.Debug|Any CPU.ActiveCfg = Debug|Any CPU
		{42C1E5C1-FCB0-447B-8B0E-23175DC0ABE8}.Debug|Any CPU.Build.0 = Debug|Any CPU
		{42C1E5C1-FCB0-447B-8B0E-23175DC0ABE8}.Debug|x64.ActiveCfg = Debug|Any CPU
		{42C1E5C1-FCB0-447B-8B0E-23175DC0ABE8}.Debug|x64.Build.0 = Debug|Any CPU
		{42C1E5C1-FCB0-447B-8B0E-23175DC0ABE8}.Debug|x86.ActiveCfg = Debug|Any CPU
		{42C1E5C1-FCB0-447B-8B0E-23175DC0ABE8}.Debug|x86.Build.0 = Debug|Any CPU
		{42C1E5C1-FCB0-447B-8B0E-23175DC0ABE8}.Release|Any CPU.ActiveCfg = Release|Any CPU
		{42C1E5C1-FCB0-447B-8B0E-23175DC0ABE8}.Release|Any CPU.Build.0 = Release|Any CPU
		{42C1E5C1-FCB0-447B-8B0E-23175DC0ABE8}.Release|x64.ActiveCfg = Release|Any CPU
		{42C1E5C1-FCB0-447B-8B0E-23175DC0ABE8}.Release|x64.Build.0 = Release|Any CPU
		{42C1E5C1-FCB0-447B-8B0E-23175DC0ABE8}.Release|x86.ActiveCfg = Release|Any CPU
		{42C1E5C1-FCB0-447B-8B0E-23175DC0ABE8}.Release|x86.Build.0 = Release|Any CPU
		{6C58A48A-30BD-44C2-A22D-4BCFD4A3E703}.Debug|Any CPU.ActiveCfg = Debug|Any CPU
		{6C58A48A-30BD-44C2-A22D-4BCFD4A3E703}.Debug|Any CPU.Build.0 = Debug|Any CPU
		{6C58A48A-30BD-44C2-A22D-4BCFD4A3E703}.Debug|x64.ActiveCfg = Debug|Any CPU
		{6C58A48A-30BD-44C2-A22D-4BCFD4A3E703}.Debug|x64.Build.0 = Debug|Any CPU
		{6C58A48A-30BD-44C2-A22D-4BCFD4A3E703}.Debug|x86.ActiveCfg = Debug|Any CPU
		{6C58A48A-30BD-44C2-A22D-4BCFD4A3E703}.Debug|x86.Build.0 = Debug|Any CPU
		{6C58A48A-30BD-44C2-A22D-4BCFD4A3E703}.Release|Any CPU.ActiveCfg = Release|Any CPU
		{6C58A48A-30BD-44C2-A22D-4BCFD4A3E703}.Release|Any CPU.Build.0 = Release|Any CPU
		{6C58A48A-30BD-44C2-A22D-4BCFD4A3E703}.Release|x64.ActiveCfg = Release|Any CPU
		{6C58A48A-30BD-44C2-A22D-4BCFD4A3E703}.Release|x64.Build.0 = Release|Any CPU
		{6C58A48A-30BD-44C2-A22D-4BCFD4A3E703}.Release|x86.ActiveCfg = Release|Any CPU
		{6C58A48A-30BD-44C2-A22D-4BCFD4A3E703}.Release|x86.Build.0 = Release|Any CPU
		{333B8164-88B7-409D-9A1E-1B8B11E3425D}.Debug|Any CPU.ActiveCfg = Debug|Any CPU
		{333B8164-88B7-409D-9A1E-1B8B11E3425D}.Debug|Any CPU.Build.0 = Debug|Any CPU
		{333B8164-88B7-409D-9A1E-1B8B11E3425D}.Debug|x64.ActiveCfg = Debug|Any CPU
		{333B8164-88B7-409D-9A1E-1B8B11E3425D}.Debug|x64.Build.0 = Debug|Any CPU
		{333B8164-88B7-409D-9A1E-1B8B11E3425D}.Debug|x86.ActiveCfg = Debug|Any CPU
		{333B8164-88B7-409D-9A1E-1B8B11E3425D}.Debug|x86.Build.0 = Debug|Any CPU
		{333B8164-88B7-409D-9A1E-1B8B11E3425D}.Release|Any CPU.ActiveCfg = Release|Any CPU
		{333B8164-88B7-409D-9A1E-1B8B11E3425D}.Release|Any CPU.Build.0 = Release|Any CPU
		{333B8164-88B7-409D-9A1E-1B8B11E3425D}.Release|x64.ActiveCfg = Release|Any CPU
		{333B8164-88B7-409D-9A1E-1B8B11E3425D}.Release|x64.Build.0 = Release|Any CPU
		{333B8164-88B7-409D-9A1E-1B8B11E3425D}.Release|x86.ActiveCfg = Release|Any CPU
		{333B8164-88B7-409D-9A1E-1B8B11E3425D}.Release|x86.Build.0 = Release|Any CPU
		{EFFD8A96-E04B-44E2-92B4-F5134C8F8667}.Debug|Any CPU.ActiveCfg = Debug|Any CPU
		{EFFD8A96-E04B-44E2-92B4-F5134C8F8667}.Debug|Any CPU.Build.0 = Debug|Any CPU
		{EFFD8A96-E04B-44E2-92B4-F5134C8F8667}.Debug|x64.ActiveCfg = Debug|Any CPU
		{EFFD8A96-E04B-44E2-92B4-F5134C8F8667}.Debug|x64.Build.0 = Debug|Any CPU
		{EFFD8A96-E04B-44E2-92B4-F5134C8F8667}.Debug|x86.ActiveCfg = Debug|Any CPU
		{EFFD8A96-E04B-44E2-92B4-F5134C8F8667}.Debug|x86.Build.0 = Debug|Any CPU
		{EFFD8A96-E04B-44E2-92B4-F5134C8F8667}.Release|Any CPU.ActiveCfg = Release|Any CPU
		{EFFD8A96-E04B-44E2-92B4-F5134C8F8667}.Release|Any CPU.Build.0 = Release|Any CPU
		{EFFD8A96-E04B-44E2-92B4-F5134C8F8667}.Release|x64.ActiveCfg = Release|Any CPU
		{EFFD8A96-E04B-44E2-92B4-F5134C8F8667}.Release|x64.Build.0 = Release|Any CPU
		{EFFD8A96-E04B-44E2-92B4-F5134C8F8667}.Release|x86.ActiveCfg = Release|Any CPU
		{EFFD8A96-E04B-44E2-92B4-F5134C8F8667}.Release|x86.Build.0 = Release|Any CPU
		{032AA35D-B78C-496F-95CF-1A068CB148AA}.Debug|Any CPU.ActiveCfg = Debug|Any CPU
		{032AA35D-B78C-496F-95CF-1A068CB148AA}.Debug|Any CPU.Build.0 = Debug|Any CPU
		{032AA35D-B78C-496F-95CF-1A068CB148AA}.Debug|x64.ActiveCfg = Debug|Any CPU
		{032AA35D-B78C-496F-95CF-1A068CB148AA}.Debug|x64.Build.0 = Debug|Any CPU
		{032AA35D-B78C-496F-95CF-1A068CB148AA}.Debug|x86.ActiveCfg = Debug|Any CPU
		{032AA35D-B78C-496F-95CF-1A068CB148AA}.Debug|x86.Build.0 = Debug|Any CPU
		{032AA35D-B78C-496F-95CF-1A068CB148AA}.Release|Any CPU.ActiveCfg = Release|Any CPU
		{032AA35D-B78C-496F-95CF-1A068CB148AA}.Release|Any CPU.Build.0 = Release|Any CPU
		{032AA35D-B78C-496F-95CF-1A068CB148AA}.Release|x64.ActiveCfg = Release|Any CPU
		{032AA35D-B78C-496F-95CF-1A068CB148AA}.Release|x64.Build.0 = Release|Any CPU
		{032AA35D-B78C-496F-95CF-1A068CB148AA}.Release|x86.ActiveCfg = Release|Any CPU
		{032AA35D-B78C-496F-95CF-1A068CB148AA}.Release|x86.Build.0 = Release|Any CPU
		{3363184F-1D81-4B57-98AF-45E1BFC459F3}.Debug|Any CPU.ActiveCfg = Debug|Any CPU
		{3363184F-1D81-4B57-98AF-45E1BFC459F3}.Debug|Any CPU.Build.0 = Debug|Any CPU
		{3363184F-1D81-4B57-98AF-45E1BFC459F3}.Debug|x64.ActiveCfg = Debug|Any CPU
		{3363184F-1D81-4B57-98AF-45E1BFC459F3}.Debug|x64.Build.0 = Debug|Any CPU
		{3363184F-1D81-4B57-98AF-45E1BFC459F3}.Debug|x86.ActiveCfg = Debug|Any CPU
		{3363184F-1D81-4B57-98AF-45E1BFC459F3}.Debug|x86.Build.0 = Debug|Any CPU
		{3363184F-1D81-4B57-98AF-45E1BFC459F3}.Release|Any CPU.ActiveCfg = Release|Any CPU
		{3363184F-1D81-4B57-98AF-45E1BFC459F3}.Release|Any CPU.Build.0 = Release|Any CPU
		{3363184F-1D81-4B57-98AF-45E1BFC459F3}.Release|x64.ActiveCfg = Release|Any CPU
		{3363184F-1D81-4B57-98AF-45E1BFC459F3}.Release|x64.Build.0 = Release|Any CPU
		{3363184F-1D81-4B57-98AF-45E1BFC459F3}.Release|x86.ActiveCfg = Release|Any CPU
		{3363184F-1D81-4B57-98AF-45E1BFC459F3}.Release|x86.Build.0 = Release|Any CPU
	EndGlobalSection
	GlobalSection(SolutionProperties) = preSolution
		HideSolutionNode = FALSE
	EndGlobalSection
	GlobalSection(NestedProjects) = preSolution
		{7604A6C4-F5CC-495B-855B-059BD0A26A5F} = {109295C7-8994-4A81-92B8-81E8F9402122}
		{D3ADD644-33FD-48AC-8621-F7D50396B7CA} = {109295C7-8994-4A81-92B8-81E8F9402122}
		{DE2E0D17-384E-4075-8DB8-1DA99627E5B8} = {109295C7-8994-4A81-92B8-81E8F9402122}
		{6C692748-A517-4F16-B866-63B05660804A} = {109295C7-8994-4A81-92B8-81E8F9402122}
		{D9DD38A2-0CB4-43D7-8754-06251DD37D63} = {109295C7-8994-4A81-92B8-81E8F9402122}
		{7DE9EC8E-C699-4B46-999F-0D9CCEB2C9F8} = {109295C7-8994-4A81-92B8-81E8F9402122}
		{32EC48CE-CC94-40F8-A401-E927397CE2AC} = {109295C7-8994-4A81-92B8-81E8F9402122}
		{A7723B13-7513-42AD-9C25-21CE27FF2582} = {4083D71C-1496-4066-9228-B42E8B96BE0B}
		{FAB133D0-C1BB-49CC-8576-8DF48DFAC084} = {109295C7-8994-4A81-92B8-81E8F9402122}
		{1542AAEC-9D06-4599-9803-55BD63244540} = {109295C7-8994-4A81-92B8-81E8F9402122}
		{B3E0E939-81BF-40CD-ADFA-3750AC82F648} = {109295C7-8994-4A81-92B8-81E8F9402122}
		{42C1E5C1-FCB0-447B-8B0E-23175DC0ABE8} = {109295C7-8994-4A81-92B8-81E8F9402122}
		{6C58A48A-30BD-44C2-A22D-4BCFD4A3E703} = {109295C7-8994-4A81-92B8-81E8F9402122}
		{333B8164-88B7-409D-9A1E-1B8B11E3425D} = {4083D71C-1496-4066-9228-B42E8B96BE0B}
		{EFFD8A96-E04B-44E2-92B4-F5134C8F8667} = {109295C7-8994-4A81-92B8-81E8F9402122}
		{032AA35D-B78C-496F-95CF-1A068CB148AA} = {4083D71C-1496-4066-9228-B42E8B96BE0B}
		{3363184F-1D81-4B57-98AF-45E1BFC459F3} = {109295C7-8994-4A81-92B8-81E8F9402122}
	EndGlobalSection
	GlobalSection(ExtensibilityGlobals) = postSolution
		SolutionGuid = {C71410BA-3B0F-436C-BE78-19B04DDD2CA4}
	EndGlobalSection
EndGlobal
